# THIS IS AN AUTOGENERATED FILE. DO NOT EDIT THIS FILE DIRECTLY.
# yarn lockfile v1


"@esbuild/linux-arm64@0.21.5":
  version "0.21.5"
  resolved "https://registry.npmjs.org/@esbuild/linux-arm64/-/linux-arm64-0.21.5.tgz"
  integrity sha512-ibKvmyYzKsBeX8d8I7MH/TMfWDXBF3db4qM6sy+7re0YXya+K1cem3on9XgdT2EQGMu4hQyZhan7TeQ8XkGp4Q==

"@trevoreyre/autocomplete-js@^3.0.2":
  version "3.0.2"
  resolved "https://registry.npmjs.org/@trevoreyre/autocomplete-js/-/autocomplete-js-3.0.2.tgz"
  integrity sha512-MwHBJUFu+9VDB2GPBVm1BqwyKMO7r59F0E+Xzw5tYPfkOi+jy4+VBtc/+KlGyzZNRK4Inlyert8JL3JB7FcSUA==

accessible-autocomplete@^3.0.0:
  version "3.0.0"
  resolved "https://registry.npmjs.org/accessible-autocomplete/-/accessible-autocomplete-3.0.0.tgz"
  integrity sha512-Kpm6EX+jjD0AurWfzSP4EVLEKsLUWCazZwidjum+8FCRtSINeaPzVa3ElKVGWvSqVZN9zjeSBF8cirhYEZjW1A==

esbuild@^0.21.5:
  version "0.21.5"
  resolved "https://registry.npmjs.org/esbuild/-/esbuild-0.21.5.tgz"
  integrity sha512-mg3OPMV4hXywwpoDxu3Qda5xCKQi+vCTZq8S9J/EpkhB2HzKXq4SNFZE3+NK93JYxc8VMSep+lOUSC/RVKaBqw==
  optionalDependencies:
    "@esbuild/aix-ppc64" "0.21.5"
    "@esbuild/android-arm" "0.21.5"
    "@esbuild/android-arm64" "0.21.5"
    "@esbuild/android-x64" "0.21.5"
    "@esbuild/darwin-arm64" "0.21.5"
    "@esbuild/darwin-x64" "0.21.5"
    "@esbuild/freebsd-arm64" "0.21.5"
    "@esbuild/freebsd-x64" "0.21.5"
    "@esbuild/linux-arm" "0.21.5"
    "@esbuild/linux-arm64" "0.21.5"
    "@esbuild/linux-ia32" "0.21.5"
    "@esbuild/linux-loong64" "0.21.5"
    "@esbuild/linux-mips64el" "0.21.5"
    "@esbuild/linux-ppc64" "0.21.5"
    "@esbuild/linux-riscv64" "0.21.5"
    "@esbuild/linux-s390x" "0.21.5"
    "@esbuild/linux-x64" "0.21.5"
    "@esbuild/netbsd-x64" "0.21.5"
    "@esbuild/openbsd-x64" "0.21.5"
    "@esbuild/sunos-x64" "0.21.5"
    "@esbuild/win32-arm64" "0.21.5"
    "@esbuild/win32-ia32" "0.21.5"
    "@esbuild/win32-x64" "0.21.5"

govuk-frontend@^5.4.0:
  version "5.4.0"
  resolved "https://registry.npmjs.org/govuk-frontend/-/govuk-frontend-5.4.0.tgz"
  integrity sha512-F3YwQYrYQqIPfNxsoph6O78Ey1unCB6cy6omx8KeWY9G504lWZFBSIaiUCma1jNLw9bOUU7Ui+tXG09jjqy0Mw==
